
Microsoft Visual Studio Solution File, Format Version 12.00
# Visual Studio 15
VisualStudioVersion = 15.0.27428.2037
MinimumVisualStudioVersion = 10.0.40219.1
Project("{E24C65DC-7377-472B-9ABA-BC803B73C61A}") = "example_test(V3Razor)", "example_test(V3Razor)", "{424BC203-02C7-4770-863C-F7CCA0072640}"
	ProjectSection(WebsiteProperties) = preProject
		TargetFrameworkMoniker = ".NETFramework,Version%3Dv4.6.1"
		Debug.AspNetCompiler.VirtualPath = "/localhost_63628"
		Debug.AspNetCompiler.PhysicalPath = "example_test(V3Razor)\"
		Debug.AspNetCompiler.TargetPath = "PrecompiledWeb\localhost_63628\"
		Debug.AspNetCompiler.Updateable = "true"
		Debug.AspNetCompiler.ForceOverwrite = "true"
		Debug.AspNetCompiler.FixedNames = "false"
		Debug.AspNetCompiler.Debug = "True"
		Release.AspNetCompiler.VirtualPath = "/localhost_63628"
		Release.AspNetCompiler.PhysicalPath = "example_test(V3Razor)\"
		Release.AspNetCompiler.TargetPath = "PrecompiledWeb\localhost_63628\"
		Release.AspNetCompiler.Updateable = "true"
		Release.AspNetCompiler.ForceOverwrite = "true"
		Release.AspNetCompiler.FixedNames = "false"
		Release.AspNetCompiler.Debug = "False"
		VWDPort = "63628"
		SlnRelativePath = "example_test(V3Razor)\"
		DefaultWebSiteLanguage = "Visual C#"
	EndProjectSection
EndProject
Global
	GlobalSection(SolutionConfigurationPlatforms) = preSolution
		Debug|Any CPU = Debug|Any CPU
	EndGlobalSection
	GlobalSection(ProjectConfigurationPlatforms) = postSolution
		{424BC203-02C7-4770-863C-F7CCA0072640}.Debug|Any CPU.ActiveCfg = Debug|Any CPU
		{424BC203-02C7-4770-863C-F7CCA0072640}.Debug|Any CPU.Build.0 = Debug|Any CPU
	EndGlobalSection
	GlobalSection(SolutionProperties) = preSolution
		HideSolutionNode = FALSE
	EndGlobalSection
	GlobalSection(ExtensibilityGlobals) = postSolution
		SolutionGuid = {938C540B-771F-4347-8E7F-3503F081FE79}
	EndGlobalSection
EndGlobal
